
Microsoft Visual Studio Solution File, Format Version 12.00
# Visual Studio 15
VisualStudioVersion = 15.0.27703.2035
MinimumVisualStudioVersion = 10.0.40219.1
Project("{FAE04EC0-301F-11D3-BF4B-00C04F79EFBC}") = "Android1.Android", "Android1\Android1.Android\Android1.Android.csproj", "{BC8E3F36-314B-4A86-B84C-56B145BD3035}"
EndProject
Project("{9A19103F-16F7-4668-BE54-9A1E7A4F7556}") = "Android1", "Android1\Android1\Android1.csproj", "{EB227557-14DE-4A9F-BAA0-78BB3825FDF9}"
EndProject
Global
	GlobalSection(SolutionConfigurationPlatforms) = preSolution
		Debug|Any CPU = Debug|Any CPU
		Release|Any CPU = Release|Any CPU
	EndGlobalSection
	GlobalSection(ProjectConfigurationPlatforms) = postSolution
		{BC8E3F36-314B-4A86-B84C-56B145BD3035}.Debug|Any CPU.ActiveCfg = Debug|Any CPU
		{BC8E3F36-314B-4A86-B84C-56B145BD3035}.Debug|Any CPU.Build.0 = Debug|Any CPU
		{BC8E3F36-314B-4A86-B84C-56B145BD3035}.Debug|Any CPU.Deploy.0 = Debug|Any CPU
		{BC8E3F36-314B-4A86-B84C-56B145BD3035}.Release|Any CPU.ActiveCfg = Release|Any CPU
		{BC8E3F36-314B-4A86-B84C-56B145BD3035}.Release|Any CPU.Build.0 = Release|Any CPU
		{BC8E3F36-314B-4A86-B84C-56B145BD3035}.Release|Any CPU.Deploy.0 = Release|Any CPU
		{EB227557-14DE-4A9F-BAA0-78BB3825FDF9}.Debug|Any CPU.ActiveCfg = Debug|Any CPU
		{EB227557-14DE-4A9F-BAA0-78BB3825FDF9}.Debug|Any CPU.Build.0 = Debug|Any CPU
		{EB227557-14DE-4A9F-BAA0-78BB3825FDF9}.Debug|Any CPU.Deploy.0 = Debug|Any CPU
		{EB227557-14DE-4A9F-BAA0-78BB3825FDF9}.Release|Any CPU.ActiveCfg = Release|Any CPU
		{EB227557-14DE-4A9F-BAA0-78BB3825FDF9}.Release|Any CPU.Build.0 = Release|Any CPU
		{EB227557-14DE-4A9F-BAA0-78BB3825FDF9}.Release|Any CPU.Deploy.0 = Release|Any CPU
	EndGlobalSection
	GlobalSection(SolutionProperties) = preSolution
		HideSolutionNode = FALSE
	EndGlobalSection
	GlobalSection(ExtensibilityGlobals) = postSolution
		SolutionGuid = {F0DDB161-1B99-4F91-8574-2698DDC93D0A}
	EndGlobalSection
EndGlobal
